
Microsoft Visual Studio Solution File, Format Version 12.00
# Visual Studio Version 17
VisualStudioVersion = 17.13.35825.156
MinimumVisualStudioVersion = 10.0.40219.1
Project("{FAE04EC0-301F-11D3-BF4B-00C04F79EFBC}") = "Portfolio_ZoranSimeunovic", "Portfolio_ZoranSimeunovic.csproj", "{0DDCA8E8-C7BA-4AD8-9703-D4B6E89A89FF}"
EndProject
Project("{FAE04EC0-301F-11D3-BF4B-00C04F79EFBC}") = "SyncWorkerService", "SyncWorkerService\SyncWorkerService.csproj", "{FE165ECC-E9E3-4124-8563-17840E8547E4}"
EndProject
Project("{FAE04EC0-301F-11D3-BF4B-00C04F79EFBC}") = "MsGraphClient", "MsGraphClient\MsGraphClient.csproj", "{0680DE55-D97D-46A5-B7FD-12BF5DA756D7}"
EndProject
Global
	GlobalSection(SolutionConfigurationPlatforms) = preSolution
		Debug|Any CPU = Debug|Any CPU
		Debug|x64 = Debug|x64
		Debug|x86 = Debug|x86
		Release|Any CPU = Release|Any CPU
		Release|x64 = Release|x64
		Release|x86 = Release|x86
	EndGlobalSection
	GlobalSection(ProjectConfigurationPlatforms) = postSolution
		{0DDCA8E8-C7BA-4AD8-9703-D4B6E89A89FF}.Debug|Any CPU.ActiveCfg = Debug|Any CPU
		{0DDCA8E8-C7BA-4AD8-9703-D4B6E89A89FF}.Debug|Any CPU.Build.0 = Debug|Any CPU
		{0DDCA8E8-C7BA-4AD8-9703-D4B6E89A89FF}.Debug|x64.ActiveCfg = Debug|Any CPU
		{0DDCA8E8-C7BA-4AD8-9703-D4B6E89A89FF}.Debug|x64.Build.0 = Debug|Any CPU
		{0DDCA8E8-C7BA-4AD8-9703-D4B6E89A89FF}.Debug|x86.ActiveCfg = Debug|Any CPU
		{0DDCA8E8-C7BA-4AD8-9703-D4B6E89A89FF}.Debug|x86.Build.0 = Debug|Any CPU
		{0DDCA8E8-C7BA-4AD8-9703-D4B6E89A89FF}.Release|Any CPU.ActiveCfg = Release|Any CPU
		{0DDCA8E8-C7BA-4AD8-9703-D4B6E89A89FF}.Release|Any CPU.Build.0 = Release|Any CPU
		{0DDCA8E8-C7BA-4AD8-9703-D4B6E89A89FF}.Release|x64.ActiveCfg = Release|Any CPU
		{0DDCA8E8-C7BA-4AD8-9703-D4B6E89A89FF}.Release|x64.Build.0 = Release|Any CPU
		{0DDCA8E8-C7BA-4AD8-9703-D4B6E89A89FF}.Release|x86.ActiveCfg = Release|Any CPU
		{0DDCA8E8-C7BA-4AD8-9703-D4B6E89A89FF}.Release|x86.Build.0 = Release|Any CPU
		{FE165ECC-E9E3-4124-8563-17840E8547E4}.Debug|Any CPU.ActiveCfg = Debug|Any CPU
		{FE165ECC-E9E3-4124-8563-17840E8547E4}.Debug|Any CPU.Build.0 = Debug|Any CPU
		{FE165ECC-E9E3-4124-8563-17840E8547E4}.Debug|x64.ActiveCfg = Debug|Any CPU
		{FE165ECC-E9E3-4124-8563-17840E8547E4}.Debug|x64.Build.0 = Debug|Any CPU
		{FE165ECC-E9E3-4124-8563-17840E8547E4}.Debug|x86.ActiveCfg = Debug|Any CPU
		{FE165ECC-E9E3-4124-8563-17840E8547E4}.Debug|x86.Build.0 = Debug|Any CPU
		{FE165ECC-E9E3-4124-8563-17840E8547E4}.Release|Any CPU.ActiveCfg = Release|Any CPU
		{FE165ECC-E9E3-4124-8563-17840E8547E4}.Release|Any CPU.Build.0 = Release|Any CPU
		{FE165ECC-E9E3-4124-8563-17840E8547E4}.Release|x64.ActiveCfg = Release|Any CPU
		{FE165ECC-E9E3-4124-8563-17840E8547E4}.Release|x64.Build.0 = Release|Any CPU
		{FE165ECC-E9E3-4124-8563-17840E8547E4}.Release|x86.ActiveCfg = Release|Any CPU
		{FE165ECC-E9E3-4124-8563-17840E8547E4}.Release|x86.Build.0 = Release|Any CPU
		{0680DE55-D97D-46A5-B7FD-12BF5DA756D7}.Debug|Any CPU.ActiveCfg = Debug|Any CPU
		{0680DE55-D97D-46A5-B7FD-12BF5DA756D7}.Debug|Any CPU.Build.0 = Debug|Any CPU
		{0680DE55-D97D-46A5-B7FD-12BF5DA756D7}.Debug|x64.ActiveCfg = Debug|Any CPU
		{0680DE55-D97D-46A5-B7FD-12BF5DA756D7}.Debug|x64.Build.0 = Debug|Any CPU
		{0680DE55-D97D-46A5-B7FD-12BF5DA756D7}.Debug|x86.ActiveCfg = Debug|Any CPU
		{0680DE55-D97D-46A5-B7FD-12BF5DA756D7}.Debug|x86.Build.0 = Debug|Any CPU
		{0680DE55-D97D-46A5-B7FD-12BF5DA756D7}.Release|Any CPU.ActiveCfg = Release|Any CPU
		{0680DE55-D97D-46A5-B7FD-12BF5DA756D7}.Release|Any CPU.Build.0 = Release|Any CPU
		{0680DE55-D97D-46A5-B7FD-12BF5DA756D7}.Release|x64.ActiveCfg = Release|Any CPU
		{0680DE55-D97D-46A5-B7FD-12BF5DA756D7}.Release|x64.Build.0 = Release|Any CPU
		{0680DE55-D97D-46A5-B7FD-12BF5DA756D7}.Release|x86.ActiveCfg = Release|Any CPU
		{0680DE55-D97D-46A5-B7FD-12BF5DA756D7}.Release|x86.Build.0 = Release|Any CPU
	EndGlobalSection
	GlobalSection(SolutionProperties) = preSolution
		HideSolutionNode = FALSE
	EndGlobalSection
	GlobalSection(ExtensibilityGlobals) = postSolution
		SolutionGuid = {B9270968-6BDC-4939-B53B-0017643E0774}
	EndGlobalSection
EndGlobal
